
Microsoft Visual Studio Solution File, Format Version 12.00
# Visual Studio Version 16
VisualStudioVersion = 16.0.31727.386
MinimumVisualStudioVersion = 10.0.40219.1
Project("{8BC9CEB8-8B4A-11D0-8D11-00A0C91BC942}") = "NativeLibrary", "NativeLibrary\NativeLibrary.vcxproj", "{DB6E0C12-555D-48F8-8080-EDC3FE0ED298}"
EndProject
Project("{FAE04EC0-301F-11D3-BF4B-00C04F79EFBC}") = "WPFApplication", "WPFApplication\WPFApplication.csproj", "{33E9E719-432E-4048-9532-9F1AA1D9A251}"
EndProject
Project("{FAE04EC0-301F-11D3-BF4B-00C04F79EFBC}") = "InteropDependencies", "InteropDependencies\InteropDependencies.csproj", "{13817FEC-2FBE-4BE1-9620-F97E8D8635BA}"
EndProject
Project("{8BC9CEB8-8B4A-11D0-8D11-00A0C91BC942}") = "ExistingInterop", "ExistingInterop\ExistingInterop.vcxproj", "{8F8A5A9A-CCBA-4CA6-8CBF-F89F830CEB83}"
EndProject
Global
	GlobalSection(SolutionConfigurationPlatforms) = preSolution
		Debug|x64 = Debug|x64
		Release|x64 = Release|x64
	EndGlobalSection
	GlobalSection(ProjectConfigurationPlatforms) = postSolution
		{DB6E0C12-555D-48F8-8080-EDC3FE0ED298}.Debug|x64.ActiveCfg = Debug|x64
		{DB6E0C12-555D-48F8-8080-EDC3FE0ED298}.Debug|x64.Build.0 = Debug|x64
		{DB6E0C12-555D-48F8-8080-EDC3FE0ED298}.Release|x64.ActiveCfg = Release|x64
		{DB6E0C12-555D-48F8-8080-EDC3FE0ED298}.Release|x64.Build.0 = Release|x64
		{33E9E719-432E-4048-9532-9F1AA1D9A251}.Debug|x64.ActiveCfg = Debug|x64
		{33E9E719-432E-4048-9532-9F1AA1D9A251}.Debug|x64.Build.0 = Debug|x64
		{33E9E719-432E-4048-9532-9F1AA1D9A251}.Release|x64.ActiveCfg = Release|x64
		{13817FEC-2FBE-4BE1-9620-F97E8D8635BA}.Debug|x64.ActiveCfg = Debug|Any CPU
		{13817FEC-2FBE-4BE1-9620-F97E8D8635BA}.Debug|x64.Build.0 = Debug|Any CPU
		{13817FEC-2FBE-4BE1-9620-F97E8D8635BA}.Release|x64.ActiveCfg = Release|Any CPU
		{13817FEC-2FBE-4BE1-9620-F97E8D8635BA}.Release|x64.Build.0 = Release|Any CPU
		{8F8A5A9A-CCBA-4CA6-8CBF-F89F830CEB83}.Debug|x64.ActiveCfg = Debug|x64
		{8F8A5A9A-CCBA-4CA6-8CBF-F89F830CEB83}.Debug|x64.Build.0 = Debug|x64
		{8F8A5A9A-CCBA-4CA6-8CBF-F89F830CEB83}.Release|x64.ActiveCfg = Release|x64
		{8F8A5A9A-CCBA-4CA6-8CBF-F89F830CEB83}.Release|x64.Build.0 = Release|x64
	EndGlobalSection
	GlobalSection(SolutionProperties) = preSolution
		HideSolutionNode = FALSE
	EndGlobalSection
	GlobalSection(ExtensibilityGlobals) = postSolution
		SolutionGuid = {9D622A70-F733-4CAB-A611-FACB948919C4}
	EndGlobalSection
EndGlobal
